// !$*UTF8*$!
{
	archiveVersion = 1;
	classes = {
	};
	objectVersion = 46;
	objects = {

/* Begin PBXBuildFile section */
		E795BFD11EC0C29A00C1009B /* main.m in Sources */ = {isa = PBXBuildFile; fileRef = E795BFD01EC0C29A00C1009B /* main.m */; };
		E795BFD41EC0C29A00C1009B /* AppDelegate.m in Sources */ = {isa = PBXBuildFile; fileRef = E795BFD31EC0C29A00C1009B /* AppDelegate.m */; };
		E795BFD71EC0C29A00C1009B /* ViewController.m in Sources */ = {isa = PBXBuildFile; fileRef = E795BFD61EC0C29A00C1009B /* ViewController.m */; };
		E795BFDA1EC0C29A00C1009B /* Main.storyboard in Resources */ = {isa = PBXBuildFile; fileRef = E795BFD81EC0C29A00C1009B /* Main.storyboard */; };
		E795BFDC1EC0C29A00C1009B /* Assets.xcassets in Resources */ = {isa = PBXBuildFile; fileRef = E795BFDB1EC0C29A00C1009B /* Assets.xcassets */; };
		E795BFDF1EC0C29A00C1009B /* LaunchScreen.storyboard in Resources */ = {isa = PBXBuildFile; fileRef = E795BFDD1EC0C29A00C1009B /* LaunchScreen.storyboard */; };
/* End PBXBuildFile section */

/* Begin PBXFileReference section */
		E795BFCC1EC0C29A00C1009B /* DemoSearch.app */ = {isa = PBXFileReference; explicitFileType = wrapper.application; includeInIndex = 0; path = DemoSearch.app; sourceTree = BUILT_PRODUCTS_DIR; };
		E795BFD01EC0C29A00C1009B /* main.m */ = {isa = PBXFileReference; lastKnownFileType = sourcecode.c.objc; path = main.m; sourceTree = "<group>"; };
		E795BFD21EC0C29A00C1009B /* AppDelegate.h */ = {isa = PBXFileReference; lastKnownFileType = sourcecode.c.h; path = AppDelegate.h; sourceTree = "<group>"; };
		E795BFD31EC0C29A00C1009B /* AppDelegate.m */ = {isa = PBXFileReference; lastKnownFileType = sourcecode.c.objc; path = AppDelegate.m; sourceTree = "<group>"; };
		E795BFD51EC0C29A00C1009B /* ViewController.h */ = {isa = PBXFileReference; lastKnownFileType = sourcecode.c.h; path = ViewController.h; sourceTree = "<group>"; };
		E795BFD61EC0C29A00C1009B /* ViewController.m */ = {isa = PBXFileReference; lastKnownFileType = sourcecode.c.objc; path = ViewController.m; sourceTree = "<group>"; };
		E795BFD91EC0C29A00C1009B /* Base */ = {isa = PBXFileReference; lastKnownFileType = file.storyboard; name = Base; path = Base.lproj/Main.storyboard; sourceTree = "<group>"; };
		E795BFDB1EC0C29A00C1009B /* Assets.xcassets */ = {isa = PBXFileReference; lastKnownFileType = folder.assetcatalog; path = Assets.xcassets; sourceTree = "<group>"; };
		E795BFDE1EC0C29A00C1009B /* Base */ = {isa = PBXFileReference; lastKnownFileType = file.storyboard; name = Base; path = Base.lproj/LaunchScreen.storyboard; sourceTree = "<group>"; };
		E795BFE01EC0C29A00C1009B /* Info.plist */ = {isa = PBXFileReference; lastKnownFileType = text.plist.xml; path = Info.plist; sourceTree = "<group>"; };
/* End PBXFileReference section */

/* Begin PBXFrameworksBuildPhase section */
		E795BFC91EC0C29A00C1009B /* Frameworks */ = {
			isa = PBXFrameworksBuildPhase;
			buildActionMask = 2147483647;
			files = (
			);
			runOnlyForDeploymentPostprocessing = 0;
		};
/* End PBXFrameworksBuildPhase section */

/* Begin PBXGroup section */
		E795BFC31EC0C29A00C1009B = {
			isa = PBXGroup;
			children = (
				E795BFCE1EC0C29A00C1009B /* DemoSearch */,
				E795BFCD1EC0C29A00C1009B /* Products */,
			);
			sourceTree = "<group>";
		};
		E795BFCD1EC0C29A00C1009B /* Products */ = {
			isa = PBXGroup;
			children = (
				E795BFCC1EC0C29A00C1009B /* DemoSearch.app */,
			);
			name = Products;
			sourceTree = "<group>";
		};
		E795BFCE1EC0C29A00C1009B /* DemoSearch */ = {
			isa = PBXGroup;
			children = (
				E795BFD21EC0C29A00C1009B /* AppDelegate.h */,
				E795BFD31EC0C29A00C1009B /* AppDelegate.m */,
				E795BFD51EC0C29A00C1009B /* ViewController.h */,
				E795BFD61EC0C29A00C1009B /* ViewController.m */,
				E795BFD81EC0C29A00C1009B /* Main.storyboard */,
				E795BFDB1EC0C29A00C1009B /* Assets.xcassets */,
				E795BFDD1EC0C29A00C1009B /* LaunchScreen.storyboard */,
				E795BFE01EC0C29A00C1009B /* Info.plist */,
				E795BFCF1EC0C29A00C1009B /* Supporting Files */,
			);
			path = DemoSearch;
			sourceTree = "<group>";
		};
		E795BFCF1EC0C29A00C1009B /* Supporting Files */ = {
			isa = PBXGroup;
			children = (
				E795BFD01EC0C29A00C1009B /* main.m */,
			);
			name = "Supporting Files";
			sourceTree = "<group>";
		};
/* End PBXGroup section */

/* Begin PBXNativeTarget section */
		E795BFCB1EC0C29A00C1009B /* DemoSearch */ = {
			isa = PBXNativeTarget;
			buildConfigurationList = E795BFE31EC0C29A00C1009B /* Build configuration list for PBXNativeTarget "DemoSearch" */;
			buildPhases = (
				E795BFC81EC0C29A00C1009B /* Sources */,
				E795BFC91EC0C29A00C1009B /* Frameworks */,
				E795BFCA1EC0C29A00C1009B /* Resources */,
			);
			buildRules = (
			);
			dependencies = (
			);
			name = DemoSearch;
			productName = DemoSearch;
			productReference = E795BFCC1EC0C29A00C1009B /* DemoSearch.app */;
			productType = "com.apple.product-type.application";
		};
/* End PBXNativeTarget section */

/* Begin PBXProject section */
		E795BFC41EC0C29A00C1009B /* Project object */ = {
			isa = PBXProject;
			attributes = {
				LastUpgradeCheck = 0830;
				ORGANIZATIONNAME = "Tonny Son";
				TargetAttributes = {
					E795BFCB1EC0C29A00C1009B = {
						CreatedOnToolsVersion = 8.3;
						ProvisioningStyle = Automatic;
					};
				};
			};
			buildConfigurationList = E795BFC71EC0C29A00C1009B /* Build configuration list for PBXProject "DemoSearch" */;
			compatibilityVersion = "Xcode 3.2";
			developmentRegion = English;
			hasScannedForEncodings = 0;
			knownRegions = (
				en,
				Base,
			);
			mainGroup = E795BFC31EC0C29A00C1009B;
			productRefGroup = E795BFCD1EC0C29A00C1009B /* Products */;
			projectDirPath = "";
			projectRoot = "";
			targets = (
				E795BFCB1EC0C29A00C1009B /* DemoSearch */,
			);
		};
/* End PBXProject section */

/* Begin PBXResourcesBuildPhase section */
		E795BFCA1EC0C29A00C1009B /* Resources */ = {
			isa = PBXResourcesBuildPhase;
			buildActionMask = 2147483647;
			files = (
				E795BFDF1EC0C29A00C1009B /* LaunchScreen.storyboard in Resources */,
				E795BFDC1EC0C29A00C1009B /* Assets.xcassets in Resources */,
				E795BFDA1EC0C29A00C1009B /* Main.storyboard in Resources */,
			);
			runOnlyForDeploymentPostprocessing = 0;
		};
/* End PBXResourcesBuildPhase section */

/* Begin PBXSourcesBuildPhase section */
		E795BFC81EC0C29A00C1009B /* Sources */ = {
			isa = PBXSourcesBuildPhase;
			buildActionMask = 2147483647;
			files = (
				E795BFD71EC0C29A00C1009B /* ViewController.m in Sources */,
				E795BFD41EC0C29A00C1009B /* AppDelegate.m in Sources */,
				E795BFD11EC0C29A00C1009B /* main.m in Sources */,
			);
			runOnlyForDeploymentPostprocessing = 0;
		};
/* End PBXSourcesBuildPhase section */

/* Begin PBXVariantGroup section */
		E795BFD81EC0C29A00C1009B /* Main.storyboard */ = {
			isa = PBXVariantGroup;
			children = (
				E795BFD91EC0C29A00C1009B /* Base */,
			);
			name = Main.storyboard;
			sourceTree = "<group>";
		};
		E795BFDD1EC0C29A00C1009B /* LaunchScreen.storyboard */ = {
			isa = PBXVariantGroup;
			children = (
				E795BFDE1EC0C29A00C1009B /* Base */,
			);
			name = LaunchScreen.storyboard;
			sourceTree = "<group>";
		};
/* End PBXVariantGroup section */

/* Begin XCBuildConfiguration section */
		E795BFE11EC0C29A00C1009B /* Debug */ = {
			isa = XCBuildConfiguration;
			buildSettings = {
				ALWAYS_SEARCH_USER_PATHS = NO;
				CLANG_ANALYZER_NONNULL = YES;
				CLANG_ANALYZER_NUMBER_OBJECT_CONVERSION = YES_AGGRESSIVE;
				CLANG_CXX_LANGUAGE_STANDARD = "gnu++0x";
				CLANG_CXX_LIBRARY = "libc++";
				CLANG_ENABLE_MODULES = YES;
				CLANG_ENABLE_OBJC_ARC = YES;
				CLANG_WARN_BOOL_CONVERSION = YES;
				CLANG_WARN_CONSTANT_CONVERSION = YES;
				CLANG_WARN_DIRECT_OBJC_ISA_USAGE = YES_ERROR;
				CLANG_WARN_DOCUMENTATION_COMMENTS = YES;
				CLANG_WARN_EMPTY_BODY = YES;
				CLANG_WARN_ENUM_CONVERSION = YES;
				CLANG_WARN_INFINITE_RECURSION = YES;
				CLANG_WARN_INT_CONVERSION = YES;
				CLANG_WARN_OBJC_ROOT_CLASS = YES_ERROR;
				CLANG_WARN_SUSPICIOUS_MOVE = YES;
				CLANG_WARN_UNREACHABLE_CODE = YES;
				CLANG_WARN__DUPLICATE_METHOD_MATCH = YES;
				"CODE_SIGN_IDENTITY[sdk=iphoneos*]" = "iPhone Developer";
				COPY_PHASE_STRIP = NO;
				DEBUG_INFORMATION_FORMAT = dwarf;
				ENABLE_STRICT_OBJC_MSGSEND = YES;
				ENABLE_TESTABILITY = YES;
				GCC_C_LANGUAGE_STANDARD = gnu99;
				GCC_DYNAMIC_NO_PIC = NO;
				GCC_NO_COMMON_BLOCKS = YES;
				GCC_OPTIMIZATION_LEVEL = 0;
				GCC_PREPROCESSOR_DEFINITIONS = (
					"DEBUG=1",
					"$(inherited)",
				);
				GCC_WARN_64_TO_32_BIT_CONVERSION = YES;
				GCC_WARN_ABOUT_RETURN_TYPE = YES_ERROR;
				GCC_WARN_UNDECLARED_SELECTOR = YES;
				GCC_WARN_UNINITIALIZED_AUTOS = YES_AGGRESSIVE;
				GCC_WARN_UNUSED_FUNCTION = YES;
				GCC_WARN_UNUSED_VARIABLE = YES;
				IPHONEOS_DEPLOYMENT_TARGET = 10.3;
				MTL_ENABLE_DEBUG_INFO = YES;
				ONLY_ACTIVE_ARCH = YES;
				SDKROOT = iphoneos;
				TARGETED_DEVICE_FAMILY = "1,2";
			};
			name = Debug;
		};
		E795BFE21EC0C29A00C1009B /* Release */ = {
			isa = XCBuildConfiguration;
			buildSettings = {
				ALWAYS_SEARCH_USER_PATHS = NO;
				CLANG_ANALYZER_NONNULL = YES;
				CLANG_ANALYZER_NUMBER_OBJECT_CONVERSION = YES_AGGRESSIVE;
				CLANG_CXX_LANGUAGE_STANDARD = "gnu++0x";
				CLANG_CXX_LIBRARY = "libc++";
				CLANG_ENABLE_MODULES = YES;
				CLANG_ENABLE_OBJC_ARC = YES;
				CLANG_WARN_BOOL_CONVERSION = YES;
				CLANG_WARN_CONSTANT_CONVERSION = YES;
				CLANG_WARN_DIRECT_OBJC_ISA_USAGE = YES_ERROR;
				CLANG_WARN_DOCUMENTATION_COMMENTS = YES;
				CLANG_WARN_EMPTY_BODY = YES;
				CLANG_WARN_ENUM_CONVERSION = YES;
				CLANG_WARN_INFINITE_RECURSION = YES;
				CLANG_WARN_INT_CONVERSION = YES;
				CLANG_WARN_OBJC_ROOT_CLASS = YES_ERROR;
				CLANG_WARN_SUSPICIOUS_MOVE = YES;
				CLANG_WARN_UNREACHABLE_CODE = YES;
				CLANG_WARN__DUPLICATE_METHOD_MATCH = YES;
				"CODE_SIGN_IDENTITY[sdk=iphoneos*]" = "iPhone Developer";
				COPY_PHASE_STRIP = NO;
				DEBUG_INFORMATION_FORMAT = "dwarf-with-dsym";
				ENABLE_NS_ASSERTIONS = NO;
				ENABLE_STRICT_OBJC_MSGSEND = YES;
				GCC_C_LANGUAGE_STANDARD = gnu99;
				GCC_NO_COMMON_BLOCKS = YES;
				GCC_WARN_64_TO_32_BIT_CONVERSION = YES;
				GCC_WARN_ABOUT_RETURN_TYPE = YES_ERROR;
				GCC_WARN_UNDECLARED_SELECTOR = YES;
				GCC_WARN_UNINITIALIZED_AUTOS = YES_AGGRESSIVE;
				GCC_WARN_UNUSED_FUNCTION = YES;
				GCC_WARN_UNUSED_VARIABLE = YES;
				IPHONEOS_DEPLOYMENT_TARGET = 10.3;
				MTL_ENABLE_DEBUG_INFO = NO;
				SDKROOT = iphoneos;
				TARGETED_DEVICE_FAMILY = "1,2";
				VALIDATE_PRODUCT = YES;
			};
			name = Release;
		};
		E795BFE41EC0C29A00C1009B /* Debug */ = {
			isa = XCBuildConfiguration;
			buildSettings = {
				ASSETCATALOG_COMPILER_APPICON_NAME = AppIcon;
				INFOPLIST_FILE = DemoSearch/Info.plist;
				LD_RUNPATH_SEARCH_PATHS = "$(inherited) @executable_path/Frameworks";
				PRODUCT_BUNDLE_IDENTIFIER = com.example.DemoSearch;
				PRODUCT_NAME = "$(TARGET_NAME)";
			};
			name = Debug;
		};
		E795BFE51EC0C29A00C1009B /* Release */ = {
			isa = XCBuildConfiguration;
			buildSettings = {
				ASSETCATALOG_COMPILER_APPICON_NAME = AppIcon;
				INFOPLIST_FILE = DemoSearch/Info.plist;
				LD_RUNPATH_SEARCH_PATHS = "$(inherited) @executable_path/Frameworks";
				PRODUCT_BUNDLE_IDENTIFIER = com.example.DemoSearch;
				PRODUCT_NAME = "$(TARGET_NAME)";
			};
			name = Release;
		};
/* End XCBuildConfiguration section */

/* Begin XCConfigurationList section */
		E795BFC71EC0C29A00C1009B /* Build configuration list for PBXProject "DemoSearch" */ = {
			isa = XCConfigurationList;
			buildConfigurations = (
				E795BFE11EC0C29A00C1009B /* Debug */,
				E795BFE21EC0C29A00C1009B /* Release */,
			);
			defaultConfigurationIsVisible = 0;
			defaultConfigurationName = Release;
		};
		E795BFE31EC0C29A00C1009B /* Build configuration list for PBXNativeTarget "DemoSearch" */ = {
			isa = XCConfigurationList;
			buildConfigurations = (
				E795BFE41EC0C29A00C1009B /* Debug */,
				E795BFE51EC0C29A00C1009B /* Release */,
			);
			defaultConfigurationIsVisible = 0;
		};
/* End XCConfigurationList section */
	};
	rootObject = E795BFC41EC0C29A00C1009B /* Project object */;
}
